{
  "version": 1,
  "dependencies": {
    "net10.0": {
      "Meziantou.Analyzer": {
        "type": "Direct",
        "requested": "[3.0.231, )",
        "resolved": "3.0.231",
        "contentHash": "LFW/rDMBp1ufbDg4KALGT05nZ3eoHOnYVlnWmLu1w72V1L1W4W3NTE6XFP+mtvV9TpsSUd1p2eaDJdiuD8UiFQ=="
      },
      "SimpleBase": {
        "type": "Direct",
        "requested": "[5.6.4, )",
        "resolved": "5.6.4",
        "contentHash": "4z4S1zdoiE74e8gmdAesX9g6RUDPY+dE3VTFE1H8ueUHBgLHk/WVlFdt6iop3ZYKkbZrsr1ZH3/qxg+NF4CveQ=="
      },
      "TUnit": {
        "type": "Direct",
        "requested": "[1.68.0, )",
        "resolved": "1.68.0",
        "contentHash": "bBKTntfG11RGltDPigH7JSfElF8rlrjFeR2nL7V0k4562stlhC8tXA62jGXyyEjc5XzWEiwN7Oo43WcjFUQQhg==",
        "dependencies": {
          "Microsoft.Testing.Extensions.CodeCoverage": "18.10.0",
          "Microsoft.Testing.Extensions.Telemetry": "2.4.0",
          "Microsoft.Testing.Extensions.TrxReport": "2.3.3",
          "TUnit.Assertions": "1.68.0",
          "TUnit.Engine": "1.68.0"
        }
      },
      "Microsoft.ApplicationInsights": {
        "type": "Transitive",
        "resolved": "2.23.0",
        "contentHash": "nWArUZTdU7iqZLycLKWe0TDms48KKGE6pONH2terYNa8REXiqixrMOkf1sk5DHGMaUTqONU2YkS4SAXBhLStgw=="
      },
      "Microsoft.DiaSymReader": {
        "type": "Transitive",
        "resolved": "2.2.10",
        "contentHash": "zmGsm6b2y3STDa/Of7rdkkfTDV8VuGB8aCqIkLoJIQh5tL78K3zJ8OUyFKnfsaORXmGr9iOKwDkZfUjeXi+CwA=="
      },
      "Microsoft.Extensions.DependencyModel": {
        "type": "Transitive",
        "resolved": "10.0.10",
        "contentHash": "rfZA1RjR021RPqSmIPovfz2aOd79TGqJ9BengbjnzIISOVwjLmuSDnhCMmiY/1c6iYvGolQ1iNGzkav0u11XEA=="
      },
      "Microsoft.Testing.Extensions.CodeCoverage": {
        "type": "Transitive",
        "resolved": "18.10.0",
        "contentHash": "elUX4tKloHh2VCxagbmhV1039xBuE3lKXITtt/hUYU286hl+ja8poOUsF9OnevKoFKt7+p9vLb1LqqW7rFGi9Q==",
        "dependencies": {
          "Microsoft.DiaSymReader": "2.2.10",
          "Microsoft.Extensions.DependencyModel": "10.0.10",
          "Microsoft.Testing.Platform": "2.3.3"
        }
      },
      "Microsoft.Testing.Extensions.Telemetry": {
        "type": "Transitive",
        "resolved": "2.4.0",
        "contentHash": "JeP1RFqBa11fWmBk8xEfZcMKr4rxWSyI6OZ+659V069CaMkTEOQBW2UdSSeNz3absOsygcn7JJkzerC4LGnZ9w==",
        "dependencies": {
          "Microsoft.ApplicationInsights": "2.23.0",
          "Microsoft.Testing.Platform": "[2.4.0, 3.0.0)"
        }
      },
      "Microsoft.Testing.Extensions.TrxReport": {
        "type": "Transitive",
        "resolved": "2.3.3",
        "contentHash": "vYBqGSlT94B8d6d4PRdPQ83ogn3kK4kXcnI3SlHBHZu1XsU01IDTMnWoto5v5wXN/Mz4XsVM3Do/sJdGRgH29g==",
        "dependencies": {
          "Microsoft.Testing.Extensions.TrxReport.Abstractions": "2.3.3",
          "Microsoft.Testing.Platform": "2.3.3"
        }
      },
      "Microsoft.Testing.Extensions.TrxReport.Abstractions": {
        "type": "Transitive",
        "resolved": "2.4.0",
        "contentHash": "uRb+4qM42dFDg4kWJZ2kFEcwESNVCRZJjItp5vETorN3rSJGysP617LqYirOcrCYmxg+obPreHMM5JcsNDKtBw==",
        "dependencies": {
          "Microsoft.Testing.Platform": "[2.4.0, 3.0.0)"
        }
      },
      "Microsoft.Testing.Platform": {
        "type": "Transitive",
        "resolved": "2.4.0",
        "contentHash": "dp1N3P1ujb0ztwFgqz2o/ItEvq+pm19/AiA+Xq7Zpcy7oPMcxDBZLYGtf0LlU1MveEBJuKVjZhI+LnkfcH/0jQ=="
      },
      "Microsoft.Testing.Platform.MSBuild": {
        "type": "Transitive",
        "resolved": "2.4.0",
        "contentHash": "qr5M6h16YHMJLFDcWELFVMMpGte2BUmveBZKT5YoBV+bmuJRPu9bv/Zqke4yQuOEKRNxoAETrG5jr+/6Rnr3Hg==",
        "dependencies": {
          "Microsoft.Testing.Platform": "[2.4.0, 3.0.0)"
        }
      },
      "TUnit.Assertions": {
        "type": "Transitive",
        "resolved": "1.68.0",
        "contentHash": "QFfnGKewGyXZYuLNl7vNzQZz7GPYcHC3PhS73Va9UqTK0O4JEVkWrxjctcqhbV4n7K/QSAZB5YkHRyFnkfEfBg=="
      },
      "TUnit.Core": {
        "type": "Transitive",
        "resolved": "1.68.0",
        "contentHash": "JsnFDtU3oDoOAuGZP5DsCxqbhB6zDkWTqKZuzS36cXcmrQ5Lq0MZZdwwGfhhLVATt1P7s44Dp+0NvqOPDb00zQ=="
      },
      "TUnit.Engine": {
        "type": "Transitive",
        "resolved": "1.68.0",
        "contentHash": "JN4SDG5jEjNXUfSBD+SRyq1h6DUOjNV7yA5ZsFzXjBhpGGlgRfBjOpm90cqALJWvFGzzp6qOEaagOfWcQbT3xg==",
        "dependencies": {
          "Microsoft.Testing.Extensions.TrxReport.Abstractions": "2.4.0",
          "Microsoft.Testing.Platform": "2.4.0",
          "Microsoft.Testing.Platform.MSBuild": "2.4.0",
          "TUnit.Core": "1.68.0"
        }
      },
      "Theodicean.Makaretu.Dns": {
        "type": "Project"
      }
    }
  }
}